// !$*UTF8*$!
{
	archiveVersion = 1;
	classes = {
	};
	objectVersion = 46;
	objects = {

/* Begin PBXBuildFile section */
		D5FC9AF01C23F75B00EDF527 /* main.m in Sources */ = {isa = PBXBuildFile; fileRef = D5FC9AEF1C23F75B00EDF527 /* main.m */; };
		D5FC9AF31C23F75B00EDF527 /* AppDelegate.m in Sources */ = {isa = PBXBuildFile; fileRef = D5FC9AF21C23F75B00EDF527 /* AppDelegate.m */; };
		D5FC9AF61C23F75B00EDF527 /* ViewController.m in Sources */ = {isa = PBXBuildFile; fileRef = D5FC9AF51C23F75B00EDF527 /* ViewController.m */; };
		D5FC9AF91C23F75B00EDF527 /* Main.storyboard in Resources */ = {isa = PBXBuildFile; fileRef = D5FC9AF71C23F75B00EDF527 /* Main.storyboard */; };
		D5FC9AFB1C23F75B00EDF527 /* Assets.xcassets in Resources */ = {isa = PBXBuildFile; fileRef = D5FC9AFA1C23F75B00EDF527 /* Assets.xcassets */; };
		D5FC9AFE1C23F75B00EDF527 /* LaunchScreen.storyboard in Resources */ = {isa = PBXBuildFile; fileRef = D5FC9AFC1C23F75B00EDF527 /* LaunchScreen.storyboard */; };
		D5FC9B091C23F75B00EDF527 /* CCJPhotoBrowserTests.m in Sources */ = {isa = PBXBuildFile; fileRef = D5FC9B081C23F75B00EDF527 /* CCJPhotoBrowserTests.m */; };
		D5FC9B141C23F75B00EDF527 /* CCJPhotoBrowserUITests.m in Sources */ = {isa = PBXBuildFile; fileRef = D5FC9B131C23F75B00EDF527 /* CCJPhotoBrowserUITests.m */; };
		D5FC9B281C23F77800EDF527 /* PhotoBrowserScrollView.m in Sources */ = {isa = PBXBuildFile; fileRef = D5FC9B231C23F77800EDF527 /* PhotoBrowserScrollView.m */; };
		D5FC9B291C23F77800EDF527 /* PhotoBrowserView.m in Sources */ = {isa = PBXBuildFile; fileRef = D5FC9B251C23F77800EDF527 /* PhotoBrowserView.m */; };
		D5FC9B2A1C23F77800EDF527 /* PhotoScrollView.m in Sources */ = {isa = PBXBuildFile; fileRef = D5FC9B271C23F77800EDF527 /* PhotoScrollView.m */; };
		D5FC9B4E1C23FA6F00EDF527 /* MKAnnotationView+WebCache.m in Sources */ = {isa = PBXBuildFile; fileRef = D5FC9B2E1C23FA6F00EDF527 /* MKAnnotationView+WebCache.m */; };
		D5FC9B4F1C23FA6F00EDF527 /* NSData+ImageContentType.m in Sources */ = {isa = PBXBuildFile; fileRef = D5FC9B301C23FA6F00EDF527 /* NSData+ImageContentType.m */; };
		D5FC9B501C23FA6F00EDF527 /* SDImageCache.m in Sources */ = {isa = PBXBuildFile; fileRef = D5FC9B321C23FA6F00EDF527 /* SDImageCache.m */; };
		D5FC9B511C23FA6F00EDF527 /* SDWebImageCompat.m in Sources */ = {isa = PBXBuildFile; fileRef = D5FC9B341C23FA6F00EDF527 /* SDWebImageCompat.m */; };
		D5FC9B521C23FA6F00EDF527 /* SDWebImageDecoder.m in Sources */ = {isa = PBXBuildFile; fileRef = D5FC9B361C23FA6F00EDF527 /* SDWebImageDecoder.m */; };
		D5FC9B531C23FA6F00EDF527 /* SDWebImageDownloader.m in Sources */ = {isa = PBXBuildFile; fileRef = D5FC9B381C23FA6F00EDF527 /* SDWebImageDownloader.m */; };
		D5FC9B541C23FA6F00EDF527 /* SDWebImageDownloaderOperation.m in Sources */ = {isa = PBXBuildFile; fileRef = D5FC9B3A1C23FA6F00EDF527 /* SDWebImageDownloaderOperation.m */; };
		D5FC9B551C23FA6F00EDF527 /* SDWebImageManager.m in Sources */ = {isa = PBXBuildFile; fileRef = D5FC9B3C1C23FA6F00EDF527 /* SDWebImageManager.m */; };
		D5FC9B561C23FA6F00EDF527 /* SDWebImagePrefetcher.m in Sources */ = {isa = PBXBuildFile; fileRef = D5FC9B3F1C23FA6F00EDF527 /* SDWebImagePrefetcher.m */; };
		D5FC9B571C23FA6F00EDF527 /* UIButton+WebCache.m in Sources */ = {isa = PBXBuildFile; fileRef = D5FC9B411C23FA6F00EDF527 /* UIButton+WebCache.m */; };
		D5FC9B581C23FA6F00EDF527 /* UIImage+GIF.m in Sources */ = {isa = PBXBuildFile; fileRef = D5FC9B431C23FA6F00EDF527 /* UIImage+GIF.m */; };
		D5FC9B591C23FA6F00EDF527 /* UIImage+MultiFormat.m in Sources */ = {isa = PBXBuildFile; fileRef = D5FC9B451C23FA6F00EDF527 /* UIImage+MultiFormat.m */; };
		D5FC9B5A1C23FA6F00EDF527 /* UIImage+WebP.m in Sources */ = {isa = PBXBuildFile; fileRef = D5FC9B471C23FA6F00EDF527 /* UIImage+WebP.m */; };
		D5FC9B5B1C23FA6F00EDF527 /* UIImageView+HighlightedWebCache.m in Sources */ = {isa = PBXBuildFile; fileRef = D5FC9B491C23FA6F00EDF527 /* UIImageView+HighlightedWebCache.m */; };
		D5FC9B5C1C23FA6F00EDF527 /* UIImageView+WebCache.m in Sources */ = {isa = PBXBuildFile; fileRef = D5FC9B4B1C23FA6F00EDF527 /* UIImageView+WebCache.m */; };
		D5FC9B5D1C23FA6F00EDF527 /* UIView+WebCacheOperation.m in Sources */ = {isa = PBXBuildFile; fileRef = D5FC9B4D1C23FA6F00EDF527 /* UIView+WebCacheOperation.m */; };
		D5FC9B5F1C24036100EDF527 /* 11.jpg in Resources */ = {isa = PBXBuildFile; fileRef = D5FC9B5E1C24036100EDF527 /* 11.jpg */; };
/* End PBXBuildFile section */

/* Begin PBXContainerItemProxy section */
		D5FC9B051C23F75B00EDF527 /* PBXContainerItemProxy */ = {
			isa = PBXContainerItemProxy;
			containerPortal = D5FC9AE31C23F75A00EDF527 /* Project object */;
			proxyType = 1;
			remoteGlobalIDString = D5FC9AEA1C23F75B00EDF527;
			remoteInfo = CCJPhotoBrowser;
		};
		D5FC9B101C23F75B00EDF527 /* PBXContainerItemProxy */ = {
			isa = PBXContainerItemProxy;
			containerPortal = D5FC9AE31C23F75A00EDF527 /* Project object */;
			proxyType = 1;
			remoteGlobalIDString = D5FC9AEA1C23F75B00EDF527;
			remoteInfo = CCJPhotoBrowser;
		};
/* End PBXContainerItemProxy section */

/* Begin PBXFileReference section */
		D5FC9AEB1C23F75B00EDF527 /* CCJPhotoBrowser.app */ = {isa = PBXFileReference; explicitFileType = wrapper.application; includeInIndex = 0; path = CCJPhotoBrowser.app; sourceTree = BUILT_PRODUCTS_DIR; };
		D5FC9AEF1C23F75B00EDF527 /* main.m */ = {isa = PBXFileReference; lastKnownFileType = sourcecode.c.objc; path = main.m; sourceTree = "<group>"; };
		D5FC9AF11C23F75B00EDF527 /* AppDelegate.h */ = {isa = PBXFileReference; lastKnownFileType = sourcecode.c.h; path = AppDelegate.h; sourceTree = "<group>"; };
		D5FC9AF21C23F75B00EDF527 /* AppDelegate.m */ = {isa = PBXFileReference; lastKnownFileType = sourcecode.c.objc; path = AppDelegate.m; sourceTree = "<group>"; };
		D5FC9AF41C23F75B00EDF527 /* ViewController.h */ = {isa = PBXFileReference; lastKnownFileType = sourcecode.c.h; path = ViewController.h; sourceTree = "<group>"; };
		D5FC9AF51C23F75B00EDF527 /* ViewController.m */ = {isa = PBXFileReference; lastKnownFileType = sourcecode.c.objc; path = ViewController.m; sourceTree = "<group>"; };
		D5FC9AF81C23F75B00EDF527 /* Base */ = {isa = PBXFileReference; lastKnownFileType = file.storyboard; name = Base; path = Base.lproj/Main.storyboard; sourceTree = "<group>"; };
		D5FC9AFA1C23F75B00EDF527 /* Assets.xcassets */ = {isa = PBXFileReference; lastKnownFileType = folder.assetcatalog; path = Assets.xcassets; sourceTree = "<group>"; };
		D5FC9AFD1C23F75B00EDF527 /* Base */ = {isa = PBXFileReference; lastKnownFileType = file.storyboard; name = Base; path = Base.lproj/LaunchScreen.storyboard; sourceTree = "<group>"; };
		D5FC9AFF1C23F75B00EDF527 /* Info.plist */ = {isa = PBXFileReference; lastKnownFileType = text.plist.xml; path = Info.plist; sourceTree = "<group>"; };
		D5FC9B041C23F75B00EDF527 /* CCJPhotoBrowserTests.xctest */ = {isa = PBXFileReference; explicitFileType = wrapper.cfbundle; includeInIndex = 0; path = CCJPhotoBrowserTests.xctest; sourceTree = BUILT_PRODUCTS_DIR; };
		D5FC9B081C23F75B00EDF527 /* CCJPhotoBrowserTests.m */ = {isa = PBXFileReference; lastKnownFileType = sourcecode.c.objc; path = CCJPhotoBrowserTests.m; sourceTree = "<group>"; };
		D5FC9B0A1C23F75B00EDF527 /* Info.plist */ = {isa = PBXFileReference; lastKnownFileType = text.plist.xml; path = Info.plist; sourceTree = "<group>"; };
		D5FC9B0F1C23F75B00EDF527 /* CCJPhotoBrowserUITests.xctest */ = {isa = PBXFileReference; explicitFileType = wrapper.cfbundle; includeInIndex = 0; path = CCJPhotoBrowserUITests.xctest; sourceTree = BUILT_PRODUCTS_DIR; };
		D5FC9B131C23F75B00EDF527 /* CCJPhotoBrowserUITests.m */ = {isa = PBXFileReference; lastKnownFileType = sourcecode.c.objc; path = CCJPhotoBrowserUITests.m; sourceTree = "<group>"; };
		D5FC9B151C23F75B00EDF527 /* Info.plist */ = {isa = PBXFileReference; lastKnownFileType = text.plist.xml; path = Info.plist; sourceTree = "<group>"; };
		D5FC9B221C23F77800EDF527 /* PhotoBrowserScrollView.h */ = {isa = PBXFileReference; fileEncoding = 4; lastKnownFileType = sourcecode.c.h; path = PhotoBrowserScrollView.h; sourceTree = "<group>"; };
		D5FC9B231C23F77800EDF527 /* PhotoBrowserScrollView.m */ = {isa = PBXFileReference; fileEncoding = 4; lastKnownFileType = sourcecode.c.objc; path = PhotoBrowserScrollView.m; sourceTree = "<group>"; };
		D5FC9B241C23F77800EDF527 /* PhotoBrowserView.h */ = {isa = PBXFileReference; fileEncoding = 4; lastKnownFileType = sourcecode.c.h; path = PhotoBrowserView.h; sourceTree = "<group>"; };
		D5FC9B251C23F77800EDF527 /* PhotoBrowserView.m */ = {isa = PBXFileReference; fileEncoding = 4; lastKnownFileType = sourcecode.c.objc; path = PhotoBrowserView.m; sourceTree = "<group>"; };
		D5FC9B261C23F77800EDF527 /* PhotoScrollView.h */ = {isa = PBXFileReference; fileEncoding = 4; lastKnownFileType = sourcecode.c.h; path = PhotoScrollView.h; sourceTree = "<group>"; };
		D5FC9B271C23F77800EDF527 /* PhotoScrollView.m */ = {isa = PBXFileReference; fileEncoding = 4; lastKnownFileType = sourcecode.c.objc; path = PhotoScrollView.m; sourceTree = "<group>"; };
		D5FC9B2B1C23F89400EDF527 /* photoPCH.pch */ = {isa = PBXFileReference; lastKnownFileType = sourcecode.c.h; path = photoPCH.pch; sourceTree = "<group>"; };
		D5FC9B2D1C23FA6F00EDF527 /* MKAnnotationView+WebCache.h */ = {isa = PBXFileReference; fileEncoding = 4; lastKnownFileType = sourcecode.c.h; path = "MKAnnotationView+WebCache.h"; sourceTree = "<group>"; };
		D5FC9B2E1C23FA6F00EDF527 /* MKAnnotationView+WebCache.m */ = {isa = PBXFileReference; fileEncoding = 4; lastKnownFileType = sourcecode.c.objc; path = "MKAnnotationView+WebCache.m"; sourceTree = "<group>"; };
		D5FC9B2F1C23FA6F00EDF527 /* NSData+ImageContentType.h */ = {isa = PBXFileReference; fileEncoding = 4; lastKnownFileType = sourcecode.c.h; path = "NSData+ImageContentType.h"; sourceTree = "<group>"; };
		D5FC9B301C23FA6F00EDF527 /* NSData+ImageContentType.m */ = {isa = PBXFileReference; fileEncoding = 4; lastKnownFileType = sourcecode.c.objc; path = "NSData+ImageContentType.m"; sourceTree = "<group>"; };
		D5FC9B311C23FA6F00EDF527 /* SDImageCache.h */ = {isa = PBXFileReference; fileEncoding = 4; lastKnownFileType = sourcecode.c.h; path = SDImageCache.h; sourceTree = "<group>"; };
		D5FC9B321C23FA6F00EDF527 /* SDImageCache.m */ = {isa = PBXFileReference; fileEncoding = 4; lastKnownFileType = sourcecode.c.objc; path = SDImageCache.m; sourceTree = "<group>"; };
		D5FC9B331C23FA6F00EDF527 /* SDWebImageCompat.h */ = {isa = PBXFileReference; fileEncoding = 4; lastKnownFileType = sourcecode.c.h; path = SDWebImageCompat.h; sourceTree = "<group>"; };
		D5FC9B341C23FA6F00EDF527 /* SDWebImageCompat.m */ = {isa = PBXFileReference; fileEncoding = 4; lastKnownFileType = sourcecode.c.objc; path = SDWebImageCompat.m; sourceTree = "<group>"; };
		D5FC9B351C23FA6F00EDF527 /* SDWebImageDecoder.h */ = {isa = PBXFileReference; fileEncoding = 4; lastKnownFileType = sourcecode.c.h; path = SDWebImageDecoder.h; sourceTree = "<group>"; };
		D5FC9B361C23FA6F00EDF527 /* SDWebImageDecoder.m */ = {isa = PBXFileReference; fileEncoding = 4; lastKnownFileType = sourcecode.c.objc; path = SDWebImageDecoder.m; sourceTree = "<group>"; };
		D5FC9B371C23FA6F00EDF527 /* SDWebImageDownloader.h */ = {isa = PBXFileReference; fileEncoding = 4; lastKnownFileType = sourcecode.c.h; path = SDWebImageDownloader.h; sourceTree = "<group>"; };
		D5FC9B381C23FA6F00EDF527 /* SDWebImageDownloader.m */ = {isa = PBXFileReference; fileEncoding = 4; lastKnownFileType = sourcecode.c.objc; path = SDWebImageDownloader.m; sourceTree = "<group>"; };
		D5FC9B391C23FA6F00EDF527 /* SDWebImageDownloaderOperation.h */ = {isa = PBXFileReference; fileEncoding = 4; lastKnownFileType = sourcecode.c.h; path = SDWebImageDownloaderOperation.h; sourceTree = "<group>"; };
		D5FC9B3A1C23FA6F00EDF527 /* SDWebImageDownloaderOperation.m */ = {isa = PBXFileReference; fileEncoding = 4; lastKnownFileType = sourcecode.c.objc; path = SDWebImageDownloaderOperation.m; sourceTree = "<group>"; };
		D5FC9B3B1C23FA6F00EDF527 /* SDWebImageManager.h */ = {isa = PBXFileReference; fileEncoding = 4; lastKnownFileType = sourcecode.c.h; path = SDWebImageManager.h; sourceTree = "<group>"; };
		D5FC9B3C1C23FA6F00EDF527 /* SDWebImageManager.m */ = {isa = PBXFileReference; fileEncoding = 4; lastKnownFileType = sourcecode.c.objc; path = SDWebImageManager.m; sourceTree = "<group>"; };
		D5FC9B3D1C23FA6F00EDF527 /* SDWebImageOperation.h */ = {isa = PBXFileReference; fileEncoding = 4; lastKnownFileType = sourcecode.c.h; path = SDWebImageOperation.h; sourceTree = "<group>"; };
		D5FC9B3E1C23FA6F00EDF527 /* SDWebImagePrefetcher.h */ = {isa = PBXFileReference; fileEncoding = 4; lastKnownFileType = sourcecode.c.h; path = SDWebImagePrefetcher.h; sourceTree = "<group>"; };
		D5FC9B3F1C23FA6F00EDF527 /* SDWebImagePrefetcher.m */ = {isa = PBXFileReference; fileEncoding = 4; lastKnownFileType = sourcecode.c.objc; path = SDWebImagePrefetcher.m; sourceTree = "<group>"; };
		D5FC9B401C23FA6F00EDF527 /* UIButton+WebCache.h */ = {isa = PBXFileReference; fileEncoding = 4; lastKnownFileType = sourcecode.c.h; path = "UIButton+WebCache.h"; sourceTree = "<group>"; };
		D5FC9B411C23FA6F00EDF527 /* UIButton+WebCache.m */ = {isa = PBXFileReference; fileEncoding = 4; lastKnownFileType = sourcecode.c.objc; path = "UIButton+WebCache.m"; sourceTree = "<group>"; };
		D5FC9B421C23FA6F00EDF527 /* UIImage+GIF.h */ = {isa = PBXFileReference; fileEncoding = 4; lastKnownFileType = sourcecode.c.h; path = "UIImage+GIF.h"; sourceTree = "<group>"; };
		D5FC9B431C23FA6F00EDF527 /* UIImage+GIF.m */ = {isa = PBXFileReference; fileEncoding = 4; lastKnownFileType = sourcecode.c.objc; path = "UIImage+GIF.m"; sourceTree = "<group>"; };
		D5FC9B441C23FA6F00EDF527 /* UIImage+MultiFormat.h */ = {isa = PBXFileReference; fileEncoding = 4; lastKnownFileType = sourcecode.c.h; path = "UIImage+MultiFormat.h"; sourceTree = "<group>"; };
		D5FC9B451C23FA6F00EDF527 /* UIImage+MultiFormat.m */ = {isa = PBXFileReference; fileEncoding = 4; lastKnownFileType = sourcecode.c.objc; path = "UIImage+MultiFormat.m"; sourceTree = "<group>"; };
		D5FC9B461C23FA6F00EDF527 /* UIImage+WebP.h */ = {isa = PBXFileReference; fileEncoding = 4; lastKnownFileType = sourcecode.c.h; path = "UIImage+WebP.h"; sourceTree = "<group>"; };
		D5FC9B471C23FA6F00EDF527 /* UIImage+WebP.m */ = {isa = PBXFileReference; fileEncoding = 4; lastKnownFileType = sourcecode.c.objc; path = "UIImage+WebP.m"; sourceTree = "<group>"; };
		D5FC9B481C23FA6F00EDF527 /* UIImageView+HighlightedWebCache.h */ = {isa = PBXFileReference; fileEncoding = 4; lastKnownFileType = sourcecode.c.h; path = "UIImageView+HighlightedWebCache.h"; sourceTree = "<group>"; };
		D5FC9B491C23FA6F00EDF527 /* UIImageView+HighlightedWebCache.m */ = {isa = PBXFileReference; fileEncoding = 4; lastKnownFileType = sourcecode.c.objc; path = "UIImageView+HighlightedWebCache.m"; sourceTree = "<group>"; };
		D5FC9B4A1C23FA6F00EDF527 /* UIImageView+WebCache.h */ = {isa = PBXFileReference; fileEncoding = 4; lastKnownFileType = sourcecode.c.h; path = "UIImageView+WebCache.h"; sourceTree = "<group>"; };
		D5FC9B4B1C23FA6F00EDF527 /* UIImageView+WebCache.m */ = {isa = PBXFileReference; fileEncoding = 4; lastKnownFileType = sourcecode.c.objc; path = "UIImageView+WebCache.m"; sourceTree = "<group>"; };
		D5FC9B4C1C23FA6F00EDF527 /* UIView+WebCacheOperation.h */ = {isa = PBXFileReference; fileEncoding = 4; lastKnownFileType = sourcecode.c.h; path = "UIView+WebCacheOperation.h"; sourceTree = "<group>"; };
		D5FC9B4D1C23FA6F00EDF527 /* UIView+WebCacheOperation.m */ = {isa = PBXFileReference; fileEncoding = 4; lastKnownFileType = sourcecode.c.objc; path = "UIView+WebCacheOperation.m"; sourceTree = "<group>"; };
		D5FC9B5E1C24036100EDF527 /* 11.jpg */ = {isa = PBXFileReference; lastKnownFileType = image.jpeg; path = 11.jpg; sourceTree = "<group>"; };
/* End PBXFileReference section */

/* Begin PBXFrameworksBuildPhase section */
		D5FC9AE81C23F75B00EDF527 /* Frameworks */ = {
			isa = PBXFrameworksBuildPhase;
			buildActionMask = 2147483647;
			files = (
			);
			runOnlyForDeploymentPostprocessing = 0;
		};
		D5FC9B011C23F75B00EDF527 /* Frameworks */ = {
			isa = PBXFrameworksBuildPhase;
			buildActionMask = 2147483647;
			files = (
			);
			runOnlyForDeploymentPostprocessing = 0;
		};
		D5FC9B0C1C23F75B00EDF527 /* Frameworks */ = {
			isa = PBXFrameworksBuildPhase;
			buildActionMask = 2147483647;
			files = (
			);
			runOnlyForDeploymentPostprocessing = 0;
		};
/* End PBXFrameworksBuildPhase section */

/* Begin PBXGroup section */
		D5FC9AE21C23F75A00EDF527 = {
			isa = PBXGroup;
			children = (
				D5FC9AED1C23F75B00EDF527 /* CCJPhotoBrowser */,
				D5FC9B071C23F75B00EDF527 /* CCJPhotoBrowserTests */,
				D5FC9B121C23F75B00EDF527 /* CCJPhotoBrowserUITests */,
				D5FC9AEC1C23F75B00EDF527 /* Products */,
			);
			sourceTree = "<group>";
		};
		D5FC9AEC1C23F75B00EDF527 /* Products */ = {
			isa = PBXGroup;
			children = (
				D5FC9AEB1C23F75B00EDF527 /* CCJPhotoBrowser.app */,
				D5FC9B041C23F75B00EDF527 /* CCJPhotoBrowserTests.xctest */,
				D5FC9B0F1C23F75B00EDF527 /* CCJPhotoBrowserUITests.xctest */,
			);
			name = Products;
			sourceTree = "<group>";
		};
		D5FC9AED1C23F75B00EDF527 /* CCJPhotoBrowser */ = {
			isa = PBXGroup;
			children = (
				D5FC9B2C1C23FA6F00EDF527 /* SDWebImage */,
				D5FC9B211C23F77800EDF527 /* MyPhotoScrollView */,
				D5FC9AF11C23F75B00EDF527 /* AppDelegate.h */,
				D5FC9AF21C23F75B00EDF527 /* AppDelegate.m */,
				D5FC9AF41C23F75B00EDF527 /* ViewController.h */,
				D5FC9AF51C23F75B00EDF527 /* ViewController.m */,
				D5FC9B5E1C24036100EDF527 /* 11.jpg */,
				D5FC9AF71C23F75B00EDF527 /* Main.storyboard */,
				D5FC9AFA1C23F75B00EDF527 /* Assets.xcassets */,
				D5FC9AFC1C23F75B00EDF527 /* LaunchScreen.storyboard */,
				D5FC9AFF1C23F75B00EDF527 /* Info.plist */,
				D5FC9AEE1C23F75B00EDF527 /* Supporting Files */,
				D5FC9B2B1C23F89400EDF527 /* photoPCH.pch */,
			);
			path = CCJPhotoBrowser;
			sourceTree = "<group>";
		};
		D5FC9AEE1C23F75B00EDF527 /* Supporting Files */ = {
			isa = PBXGroup;
			children = (
				D5FC9AEF1C23F75B00EDF527 /* main.m */,
			);
			name = "Supporting Files";
			sourceTree = "<group>";
		};
		D5FC9B071C23F75B00EDF527 /* CCJPhotoBrowserTests */ = {
			isa = PBXGroup;
			children = (
				D5FC9B081C23F75B00EDF527 /* CCJPhotoBrowserTests.m */,
				D5FC9B0A1C23F75B00EDF527 /* Info.plist */,
			);
			path = CCJPhotoBrowserTests;
			sourceTree = "<group>";
		};
		D5FC9B121C23F75B00EDF527 /* CCJPhotoBrowserUITests */ = {
			isa = PBXGroup;
			children = (
				D5FC9B131C23F75B00EDF527 /* CCJPhotoBrowserUITests.m */,
				D5FC9B151C23F75B00EDF527 /* Info.plist */,
			);
			path = CCJPhotoBrowserUITests;
			sourceTree = "<group>";
		};
		D5FC9B211C23F77800EDF527 /* MyPhotoScrollView */ = {
			isa = PBXGroup;
			children = (
				D5FC9B221C23F77800EDF527 /* PhotoBrowserScrollView.h */,
				D5FC9B231C23F77800EDF527 /* PhotoBrowserScrollView.m */,
				D5FC9B261C23F77800EDF527 /* PhotoScrollView.h */,
				D5FC9B271C23F77800EDF527 /* PhotoScrollView.m */,
				D5FC9B241C23F77800EDF527 /* PhotoBrowserView.h */,
				D5FC9B251C23F77800EDF527 /* PhotoBrowserView.m */,
			);
			path = MyPhotoScrollView;
			sourceTree = "<group>";
		};
		D5FC9B2C1C23FA6F00EDF527 /* SDWebImage */ = {
			isa = PBXGroup;
			children = (
				D5FC9B2D1C23FA6F00EDF527 /* MKAnnotationView+WebCache.h */,
				D5FC9B2E1C23FA6F00EDF527 /* MKAnnotationView+WebCache.m */,
				D5FC9B2F1C23FA6F00EDF527 /* NSData+ImageContentType.h */,
				D5FC9B301C23FA6F00EDF527 /* NSData+ImageContentType.m */,
				D5FC9B311C23FA6F00EDF527 /* SDImageCache.h */,
				D5FC9B321C23FA6F00EDF527 /* SDImageCache.m */,
				D5FC9B331C23FA6F00EDF527 /* SDWebImageCompat.h */,
				D5FC9B341C23FA6F00EDF527 /* SDWebImageCompat.m */,
				D5FC9B351C23FA6F00EDF527 /* SDWebImageDecoder.h */,
				D5FC9B361C23FA6F00EDF527 /* SDWebImageDecoder.m */,
				D5FC9B371C23FA6F00EDF527 /* SDWebImageDownloader.h */,
				D5FC9B381C23FA6F00EDF527 /* SDWebImageDownloader.m */,
				D5FC9B391C23FA6F00EDF527 /* SDWebImageDownloaderOperation.h */,
				D5FC9B3A1C23FA6F00EDF527 /* SDWebImageDownloaderOperation.m */,
				D5FC9B3B1C23FA6F00EDF527 /* SDWebImageManager.h */,
				D5FC9B3C1C23FA6F00EDF527 /* SDWebImageManager.m */,
				D5FC9B3D1C23FA6F00EDF527 /* SDWebImageOperation.h */,
				D5FC9B3E1C23FA6F00EDF527 /* SDWebImagePrefetcher.h */,
				D5FC9B3F1C23FA6F00EDF527 /* SDWebImagePrefetcher.m */,
				D5FC9B401C23FA6F00EDF527 /* UIButton+WebCache.h */,
				D5FC9B411C23FA6F00EDF527 /* UIButton+WebCache.m */,
				D5FC9B421C23FA6F00EDF527 /* UIImage+GIF.h */,
				D5FC9B431C23FA6F00EDF527 /* UIImage+GIF.m */,
				D5FC9B441C23FA6F00EDF527 /* UIImage+MultiFormat.h */,
				D5FC9B451C23FA6F00EDF527 /* UIImage+MultiFormat.m */,
				D5FC9B461C23FA6F00EDF527 /* UIImage+WebP.h */,
				D5FC9B471C23FA6F00EDF527 /* UIImage+WebP.m */,
				D5FC9B481C23FA6F00EDF527 /* UIImageView+HighlightedWebCache.h */,
				D5FC9B491C23FA6F00EDF527 /* UIImageView+HighlightedWebCache.m */,
				D5FC9B4A1C23FA6F00EDF527 /* UIImageView+WebCache.h */,
				D5FC9B4B1C23FA6F00EDF527 /* UIImageView+WebCache.m */,
				D5FC9B4C1C23FA6F00EDF527 /* UIView+WebCacheOperation.h */,
				D5FC9B4D1C23FA6F00EDF527 /* UIView+WebCacheOperation.m */,
			);
			path = SDWebImage;
			sourceTree = "<group>";
		};
/* End PBXGroup section */

/* Begin PBXNativeTarget section */
		D5FC9AEA1C23F75B00EDF527 /* CCJPhotoBrowser */ = {
			isa = PBXNativeTarget;
			buildConfigurationList = D5FC9B181C23F75B00EDF527 /* Build configuration list for PBXNativeTarget "CCJPhotoBrowser" */;
			buildPhases = (
				D5FC9AE71C23F75B00EDF527 /* Sources */,
				D5FC9AE81C23F75B00EDF527 /* Frameworks */,
				D5FC9AE91C23F75B00EDF527 /* Resources */,
			);
			buildRules = (
			);
			dependencies = (
			);
			name = CCJPhotoBrowser;
			productName = CCJPhotoBrowser;
			productReference = D5FC9AEB1C23F75B00EDF527 /* CCJPhotoBrowser.app */;
			productType = "com.apple.product-type.application";
		};
		D5FC9B031C23F75B00EDF527 /* CCJPhotoBrowserTests */ = {
			isa = PBXNativeTarget;
			buildConfigurationList = D5FC9B1B1C23F75B00EDF527 /* Build configuration list for PBXNativeTarget "CCJPhotoBrowserTests" */;
			buildPhases = (
				D5FC9B001C23F75B00EDF527 /* Sources */,
				D5FC9B011C23F75B00EDF527 /* Frameworks */,
				D5FC9B021C23F75B00EDF527 /* Resources */,
			);
			buildRules = (
			);
			dependencies = (
				D5FC9B061C23F75B00EDF527 /* PBXTargetDependency */,
			);
			name = CCJPhotoBrowserTests;
			productName = CCJPhotoBrowserTests;
			productReference = D5FC9B041C23F75B00EDF527 /* CCJPhotoBrowserTests.xctest */;
			productType = "com.apple.product-type.bundle.unit-test";
		};
		D5FC9B0E1C23F75B00EDF527 /* CCJPhotoBrowserUITests */ = {
			isa = PBXNativeTarget;
			buildConfigurationList = D5FC9B1E1C23F75B00EDF527 /* Build configuration list for PBXNativeTarget "CCJPhotoBrowserUITests" */;
			buildPhases = (
				D5FC9B0B1C23F75B00EDF527 /* Sources */,
				D5FC9B0C1C23F75B00EDF527 /* Frameworks */,
				D5FC9B0D1C23F75B00EDF527 /* Resources */,
			);
			buildRules = (
			);
			dependencies = (
				D5FC9B111C23F75B00EDF527 /* PBXTargetDependency */,
			);
			name = CCJPhotoBrowserUITests;
			productName = CCJPhotoBrowserUITests;
			productReference = D5FC9B0F1C23F75B00EDF527 /* CCJPhotoBrowserUITests.xctest */;
			productType = "com.apple.product-type.bundle.ui-testing";
		};
/* End PBXNativeTarget section */

/* Begin PBXProject section */
		D5FC9AE31C23F75A00EDF527 /* Project object */ = {
			isa = PBXProject;
			attributes = {
				LastUpgradeCheck = 0710;
				ORGANIZATIONNAME = CCJ;
				TargetAttributes = {
					D5FC9AEA1C23F75B00EDF527 = {
						CreatedOnToolsVersion = 7.1;
					};
					D5FC9B031C23F75B00EDF527 = {
						CreatedOnToolsVersion = 7.1;
						TestTargetID = D5FC9AEA1C23F75B00EDF527;
					};
					D5FC9B0E1C23F75B00EDF527 = {
						CreatedOnToolsVersion = 7.1;
						TestTargetID = D5FC9AEA1C23F75B00EDF527;
					};
				};
			};
			buildConfigurationList = D5FC9AE61C23F75A00EDF527 /* Build configuration list for PBXProject "CCJPhotoBrowser" */;
			compatibilityVersion = "Xcode 3.2";
			developmentRegion = English;
			hasScannedForEncodings = 0;
			knownRegions = (
				en,
				Base,
			);
			mainGroup = D5FC9AE21C23F75A00EDF527;
			productRefGroup = D5FC9AEC1C23F75B00EDF527 /* Products */;
			projectDirPath = "";
			projectRoot = "";
			targets = (
				D5FC9AEA1C23F75B00EDF527 /* CCJPhotoBrowser */,
				D5FC9B031C23F75B00EDF527 /* CCJPhotoBrowserTests */,
				D5FC9B0E1C23F75B00EDF527 /* CCJPhotoBrowserUITests */,
			);
		};
/* End PBXProject section */

/* Begin PBXResourcesBuildPhase section */
		D5FC9AE91C23F75B00EDF527 /* Resources */ = {
			isa = PBXResourcesBuildPhase;
			buildActionMask = 2147483647;
			files = (
				D5FC9AFE1C23F75B00EDF527 /* LaunchScreen.storyboard in Resources */,
				D5FC9AFB1C23F75B00EDF527 /* Assets.xcassets in Resources */,
				D5FC9AF91C23F75B00EDF527 /* Main.storyboard in Resources */,
				D5FC9B5F1C24036100EDF527 /* 11.jpg in Resources */,
			);
			runOnlyForDeploymentPostprocessing = 0;
		};
		D5FC9B021C23F75B00EDF527 /* Resources */ = {
			isa = PBXResourcesBuildPhase;
			buildActionMask = 2147483647;
			files = (
			);
			runOnlyForDeploymentPostprocessing = 0;
		};
		D5FC9B0D1C23F75B00EDF527 /* Resources */ = {
			isa = PBXResourcesBuildPhase;
			buildActionMask = 2147483647;
			files = (
			);
			runOnlyForDeploymentPostprocessing = 0;
		};
/* End PBXResourcesBuildPhase section */

/* Begin PBXSourcesBuildPhase section */
		D5FC9AE71C23F75B00EDF527 /* Sources */ = {
			isa = PBXSourcesBuildPhase;
			buildActionMask = 2147483647;
			files = (
				D5FC9B2A1C23F77800EDF527 /* PhotoScrollView.m in Sources */,
				D5FC9B551C23FA6F00EDF527 /* SDWebImageManager.m in Sources */,
				D5FC9B501C23FA6F00EDF527 /* SDImageCache.m in Sources */,
				D5FC9B541C23FA6F00EDF527 /* SDWebImageDownloaderOperation.m in Sources */,
				D5FC9B5D1C23FA6F00EDF527 /* UIView+WebCacheOperation.m in Sources */,
				D5FC9B291C23F77800EDF527 /* PhotoBrowserView.m in Sources */,
				D5FC9B571C23FA6F00EDF527 /* UIButton+WebCache.m in Sources */,
				D5FC9B4F1C23FA6F00EDF527 /* NSData+ImageContentType.m in Sources */,
				D5FC9B561C23FA6F00EDF527 /* SDWebImagePrefetcher.m in Sources */,
				D5FC9B531C23FA6F00EDF527 /* SDWebImageDownloader.m in Sources */,
				D5FC9AF61C23F75B00EDF527 /* ViewController.m in Sources */,
				D5FC9B5A1C23FA6F00EDF527 /* UIImage+WebP.m in Sources */,
				D5FC9B5C1C23FA6F00EDF527 /* UIImageView+WebCache.m in Sources */,
				D5FC9B521C23FA6F00EDF527 /* SDWebImageDecoder.m in Sources */,
				D5FC9AF31C23F75B00EDF527 /* AppDelegate.m in Sources */,
				D5FC9B4E1C23FA6F00EDF527 /* MKAnnotationView+WebCache.m in Sources */,
				D5FC9B511C23FA6F00EDF527 /* SDWebImageCompat.m in Sources */,
				D5FC9AF01C23F75B00EDF527 /* main.m in Sources */,
				D5FC9B281C23F77800EDF527 /* PhotoBrowserScrollView.m in Sources */,
				D5FC9B591C23FA6F00EDF527 /* UIImage+MultiFormat.m in Sources */,
				D5FC9B5B1C23FA6F00EDF527 /* UIImageView+HighlightedWebCache.m in Sources */,
				D5FC9B581C23FA6F00EDF527 /* UIImage+GIF.m in Sources */,
			);
			runOnlyForDeploymentPostprocessing = 0;
		};
		D5FC9B001C23F75B00EDF527 /* Sources */ = {
			isa = PBXSourcesBuildPhase;
			buildActionMask = 2147483647;
			files = (
				D5FC9B091C23F75B00EDF527 /* CCJPhotoBrowserTests.m in Sources */,
			);
			runOnlyForDeploymentPostprocessing = 0;
		};
		D5FC9B0B1C23F75B00EDF527 /* Sources */ = {
			isa = PBXSourcesBuildPhase;
			buildActionMask = 2147483647;
			files = (
				D5FC9B141C23F75B00EDF527 /* CCJPhotoBrowserUITests.m in Sources */,
			);
			runOnlyForDeploymentPostprocessing = 0;
		};
/* End PBXSourcesBuildPhase section */

/* Begin PBXTargetDependency section */
		D5FC9B061C23F75B00EDF527 /* PBXTargetDependency */ = {
			isa = PBXTargetDependency;
			target = D5FC9AEA1C23F75B00EDF527 /* CCJPhotoBrowser */;
			targetProxy = D5FC9B051C23F75B00EDF527 /* PBXContainerItemProxy */;
		};
		D5FC9B111C23F75B00EDF527 /* PBXTargetDependency */ = {
			isa = PBXTargetDependency;
			target = D5FC9AEA1C23F75B00EDF527 /* CCJPhotoBrowser */;
			targetProxy = D5FC9B101C23F75B00EDF527 /* PBXContainerItemProxy */;
		};
/* End PBXTargetDependency section */

/* Begin PBXVariantGroup section */
		D5FC9AF71C23F75B00EDF527 /* Main.storyboard */ = {
			isa = PBXVariantGroup;
			children = (
				D5FC9AF81C23F75B00EDF527 /* Base */,
			);
			name = Main.storyboard;
			sourceTree = "<group>";
		};
		D5FC9AFC1C23F75B00EDF527 /* LaunchScreen.storyboard */ = {
			isa = PBXVariantGroup;
			children = (
				D5FC9AFD1C23F75B00EDF527 /* Base */,
			);
			name = LaunchScreen.storyboard;
			sourceTree = "<group>";
		};
/* End PBXVariantGroup section */

/* Begin XCBuildConfiguration section */
		D5FC9B161C23F75B00EDF527 /* Debug */ = {
			isa = XCBuildConfiguration;
			buildSettings = {
				ALWAYS_SEARCH_USER_PATHS = NO;
				CLANG_CXX_LANGUAGE_STANDARD = "gnu++0x";
				CLANG_CXX_LIBRARY = "libc++";
				CLANG_ENABLE_MODULES = YES;
				CLANG_ENABLE_OBJC_ARC = YES;
				CLANG_WARN_BOOL_CONVERSION = YES;
				CLANG_WARN_CONSTANT_CONVERSION = YES;
				CLANG_WARN_DIRECT_OBJC_ISA_USAGE = YES_ERROR;
				CLANG_WARN_EMPTY_BODY = YES;
				CLANG_WARN_ENUM_CONVERSION = YES;
				CLANG_WARN_INT_CONVERSION = YES;
				CLANG_WARN_OBJC_ROOT_CLASS = YES_ERROR;
				CLANG_WARN_UNREACHABLE_CODE = YES;
				CLANG_WARN__DUPLICATE_METHOD_MATCH = YES;
				"CODE_SIGN_IDENTITY[sdk=iphoneos*]" = "iPhone Developer";
				COPY_PHASE_STRIP = NO;
				DEBUG_INFORMATION_FORMAT = dwarf;
				ENABLE_STRICT_OBJC_MSGSEND = YES;
				ENABLE_TESTABILITY = YES;
				GCC_C_LANGUAGE_STANDARD = gnu99;
				GCC_DYNAMIC_NO_PIC = NO;
				GCC_NO_COMMON_BLOCKS = YES;
				GCC_OPTIMIZATION_LEVEL = 0;
				GCC_PREPROCESSOR_DEFINITIONS = (
					"DEBUG=1",
					"$(inherited)",
				);
				GCC_WARN_64_TO_32_BIT_CONVERSION = YES;
				GCC_WARN_ABOUT_RETURN_TYPE = YES_ERROR;
				GCC_WARN_UNDECLARED_SELECTOR = YES;
				GCC_WARN_UNINITIALIZED_AUTOS = YES_AGGRESSIVE;
				GCC_WARN_UNUSED_FUNCTION = YES;
				GCC_WARN_UNUSED_VARIABLE = YES;
				IPHONEOS_DEPLOYMENT_TARGET = 9.1;
				MTL_ENABLE_DEBUG_INFO = YES;
				ONLY_ACTIVE_ARCH = YES;
				SDKROOT = iphoneos;
			};
			name = Debug;
		};
		D5FC9B171C23F75B00EDF527 /* Release */ = {
			isa = XCBuildConfiguration;
			buildSettings = {
				ALWAYS_SEARCH_USER_PATHS = NO;
				CLANG_CXX_LANGUAGE_STANDARD = "gnu++0x";
				CLANG_CXX_LIBRARY = "libc++";
				CLANG_ENABLE_MODULES = YES;
				CLANG_ENABLE_OBJC_ARC = YES;
				CLANG_WARN_BOOL_CONVERSION = YES;
				CLANG_WARN_CONSTANT_CONVERSION = YES;
				CLANG_WARN_DIRECT_OBJC_ISA_USAGE = YES_ERROR;
				CLANG_WARN_EMPTY_BODY = YES;
				CLANG_WARN_ENUM_CONVERSION = YES;
				CLANG_WARN_INT_CONVERSION = YES;
				CLANG_WARN_OBJC_ROOT_CLASS = YES_ERROR;
				CLANG_WARN_UNREACHABLE_CODE = YES;
				CLANG_WARN__DUPLICATE_METHOD_MATCH = YES;
				"CODE_SIGN_IDENTITY[sdk=iphoneos*]" = "iPhone Developer";
				COPY_PHASE_STRIP = NO;
				DEBUG_INFORMATION_FORMAT = "dwarf-with-dsym";
				ENABLE_NS_ASSERTIONS = NO;
				ENABLE_STRICT_OBJC_MSGSEND = YES;
				GCC_C_LANGUAGE_STANDARD = gnu99;
				GCC_NO_COMMON_BLOCKS = YES;
				GCC_WARN_64_TO_32_BIT_CONVERSION = YES;
				GCC_WARN_ABOUT_RETURN_TYPE = YES_ERROR;
				GCC_WARN_UNDECLARED_SELECTOR = YES;
				GCC_WARN_UNINITIALIZED_AUTOS = YES_AGGRESSIVE;
				GCC_WARN_UNUSED_FUNCTION = YES;
				GCC_WARN_UNUSED_VARIABLE = YES;
				IPHONEOS_DEPLOYMENT_TARGET = 9.1;
				MTL_ENABLE_DEBUG_INFO = NO;
				SDKROOT = iphoneos;
				VALIDATE_PRODUCT = YES;
			};
			name = Release;
		};
		D5FC9B191C23F75B00EDF527 /* Debug */ = {
			isa = XCBuildConfiguration;
			buildSettings = {
				ASSETCATALOG_COMPILER_APPICON_NAME = AppIcon;
				GCC_PREFIX_HEADER = "$(SRCROOT)/CCJPhotoBrowser/photoPCH.pch";
				INFOPLIST_FILE = CCJPhotoBrowser/Info.plist;
				LD_RUNPATH_SEARCH_PATHS = "$(inherited) @executable_path/Frameworks";
				PRODUCT_BUNDLE_IDENTIFIER = com.new.a02.CCJPhotoBrowser;
				PRODUCT_NAME = "$(TARGET_NAME)";
			};
			name = Debug;
		};
		D5FC9B1A1C23F75B00EDF527 /* Release */ = {
			isa = XCBuildConfiguration;
			buildSettings = {
				ASSETCATALOG_COMPILER_APPICON_NAME = AppIcon;
				GCC_PREFIX_HEADER = "$(SRCROOT)/CCJPhotoBrowser/photoPCH.pch";
				INFOPLIST_FILE = CCJPhotoBrowser/Info.plist;
				LD_RUNPATH_SEARCH_PATHS = "$(inherited) @executable_path/Frameworks";
				PRODUCT_BUNDLE_IDENTIFIER = com.new.a02.CCJPhotoBrowser;
				PRODUCT_NAME = "$(TARGET_NAME)";
			};
			name = Release;
		};
		D5FC9B1C1C23F75B00EDF527 /* Debug */ = {
			isa = XCBuildConfiguration;
			buildSettings = {
				BUNDLE_LOADER = "$(TEST_HOST)";
				INFOPLIST_FILE = CCJPhotoBrowserTests/Info.plist;
				LD_RUNPATH_SEARCH_PATHS = "$(inherited) @executable_path/Frameworks @loader_path/Frameworks";
				PRODUCT_BUNDLE_IDENTIFIER = com.new.a02.CCJPhotoBrowserTests;
				PRODUCT_NAME = "$(TARGET_NAME)";
				TEST_HOST = "$(BUILT_PRODUCTS_DIR)/CCJPhotoBrowser.app/CCJPhotoBrowser";
			};
			name = Debug;
		};
		D5FC9B1D1C23F75B00EDF527 /* Release */ = {
			isa = XCBuildConfiguration;
			buildSettings = {
				BUNDLE_LOADER = "$(TEST_HOST)";
				INFOPLIST_FILE = CCJPhotoBrowserTests/Info.plist;
				LD_RUNPATH_SEARCH_PATHS = "$(inherited) @executable_path/Frameworks @loader_path/Frameworks";
				PRODUCT_BUNDLE_IDENTIFIER = com.new.a02.CCJPhotoBrowserTests;
				PRODUCT_NAME = "$(TARGET_NAME)";
				TEST_HOST = "$(BUILT_PRODUCTS_DIR)/CCJPhotoBrowser.app/CCJPhotoBrowser";
			};
			name = Release;
		};
		D5FC9B1F1C23F75B00EDF527 /* Debug */ = {
			isa = XCBuildConfiguration;
			buildSettings = {
				INFOPLIST_FILE = CCJPhotoBrowserUITests/Info.plist;
				LD_RUNPATH_SEARCH_PATHS = "$(inherited) @executable_path/Frameworks @loader_path/Frameworks";
				PRODUCT_BUNDLE_IDENTIFIER = com.new.a02.CCJPhotoBrowserUITests;
				PRODUCT_NAME = "$(TARGET_NAME)";
				TEST_TARGET_NAME = CCJPhotoBrowser;
				USES_XCTRUNNER = YES;
			};
			name = Debug;
		};
		D5FC9B201C23F75B00EDF527 /* Release */ = {
			isa = XCBuildConfiguration;
			buildSettings = {
				INFOPLIST_FILE = CCJPhotoBrowserUITests/Info.plist;
				LD_RUNPATH_SEARCH_PATHS = "$(inherited) @executable_path/Frameworks @loader_path/Frameworks";
				PRODUCT_BUNDLE_IDENTIFIER = com.new.a02.CCJPhotoBrowserUITests;
				PRODUCT_NAME = "$(TARGET_NAME)";
				TEST_TARGET_NAME = CCJPhotoBrowser;
				USES_XCTRUNNER = YES;
			};
			name = Release;
		};
/* End XCBuildConfiguration section */

/* Begin XCConfigurationList section */
		D5FC9AE61C23F75A00EDF527 /* Build configuration list for PBXProject "CCJPhotoBrowser" */ = {
			isa = XCConfigurationList;
			buildConfigurations = (
				D5FC9B161C23F75B00EDF527 /* Debug */,
				D5FC9B171C23F75B00EDF527 /* Release */,
			);
			defaultConfigurationIsVisible = 0;
			defaultConfigurationName = Release;
		};
		D5FC9B181C23F75B00EDF527 /* Build configuration list for PBXNativeTarget "CCJPhotoBrowser" */ = {
			isa = XCConfigurationList;
			buildConfigurations = (
				D5FC9B191C23F75B00EDF527 /* Debug */,
				D5FC9B1A1C23F75B00EDF527 /* Release */,
			);
			defaultConfigurationIsVisible = 0;
			defaultConfigurationName = Release;
		};
		D5FC9B1B1C23F75B00EDF527 /* Build configuration list for PBXNativeTarget "CCJPhotoBrowserTests" */ = {
			isa = XCConfigurationList;
			buildConfigurations = (
				D5FC9B1C1C23F75B00EDF527 /* Debug */,
				D5FC9B1D1C23F75B00EDF527 /* Release */,
			);
			defaultConfigurationIsVisible = 0;
			defaultConfigurationName = Release;
		};
		D5FC9B1E1C23F75B00EDF527 /* Build configuration list for PBXNativeTarget "CCJPhotoBrowserUITests" */ = {
			isa = XCConfigurationList;
			buildConfigurations = (
				D5FC9B1F1C23F75B00EDF527 /* Debug */,
				D5FC9B201C23F75B00EDF527 /* Release */,
			);
			defaultConfigurationIsVisible = 0;
			defaultConfigurationName = Release;
		};
/* End XCConfigurationList section */
	};
	rootObject = D5FC9AE31C23F75A00EDF527 /* Project object */;
}
